schema: '2.0'
stages:
  prepare:
    cmd: python src/prepare.py
    deps:
    - path: src/prepare.py
      hash: md5
      md5: 1c9ff1aca1597efc9beceb5ce9ff4cab
      size: 464
    outs:
    - path: data/prepare/test.csv
      hash: md5
      md5: 32ecd1b41ec3a322ebd7d1cea0ab14c9
      size: 617
    - path: data/prepare/train.csv
      hash: md5
      md5: 20a771675f974006d30c2926ff658bea
      size: 2237
  train:
    cmd: python src/train.py
    deps:
    - path: data/prepare/train.csv
      hash: md5
      md5: 20a771675f974006d30c2926ff658bea
      size: 2237
    - path: src/train.py
      hash: md5
      md5: b6eeb72560f349e7f4fed31f970c8f0d
      size: 2755
    params:
      params.yaml:
        train.epoch: 1500
        train.fc2_fc3_n: 200
        train.lr: 0.0009
    outs:
    - path: metrics/train_metrics.json
      hash: md5
      md5: 43d02fe2277817c1263b992289ece2a9
      size: 32
    - path: models/model.pth
      hash: md5
      md5: 6f53fadb894a72d67540c13455165a59
      size: 88820
    - path: plots/confusion_matrix.png
      hash: md5
      md5: 7d74a3f21b5a4a043246244144f487e3
      size: 14528
    - path: plots/feature_importance.png
      hash: md5
      md5: 2cee8460ab328200ea4d2ade9615d138
      size: 14123
  evaluate:
    cmd: python src/evaluate.py
    deps:
    - path: data/prepare/test.csv
      hash: md5
      md5: 32ecd1b41ec3a322ebd7d1cea0ab14c9
      size: 617
    - path: models/model.pth
      hash: md5
      md5: db906f5fc521a1442638c4de9a86a8a1
      size: 88820
    - path: src/evaluate.py
      hash: md5
      md5: 44dda65926b63ef795985194cec615c2
      size: 1489
    outs:
    - path: metrics/test_metrics.json
      hash: md5
      md5: 30565a8911a6bb487e3745c0ea3c8224
      size: 3
    - path: plots/roc.png
      hash: md5
      md5: 46542daa8482fa6fac120d32b4d5f5b4
      size: 33427
