schema: '2.0'
stages:
  prepare:
    cmd: python src/prepare.py
    deps:
    - path: src/prepare.py
      hash: md5
      md5: 1c9ff1aca1597efc9beceb5ce9ff4cab
      size: 464
    outs:
    - path: data/prepare/test.csv
      hash: md5
      md5: 32ecd1b41ec3a322ebd7d1cea0ab14c9
      size: 617
    - path: data/prepare/train.csv
      hash: md5
      md5: 20a771675f974006d30c2926ff658bea
      size: 2237
  train:
    cmd: python src/train.py
    deps:
    - path: data/prepare/train.csv
      hash: md5
      md5: 20a771675f974006d30c2926ff658bea
      size: 2237
    - path: src/train.py
      hash: md5
      md5: d253e63370b75b8be99d86e3b035af75
      size: 2761
    params:
      params.yaml:
        train.epoch: 1000
        train.fc2_fc3_n: 300
        train.lr: 0.0009
    outs:
    - path: metrics/train_metrics.json
      hash: md5
      md5: 6c4fe838894c6d26e602c0cd5ad78fd9
      size: 38
    - path: models/model.pth
      hash: md5
      md5: ba94c72477245f20b99ff12845f2f1f1
      size: 130420
    - path: plots/confusion_matrix.png
      hash: md5
      md5: c1a3048658a04c70b3379ee572106803
      size: 14764
    - path: plots/feature_importance.png
      hash: md5
      md5: 8ce0e95f26eb45d5c28336e46955d6e8
      size: 14896
  evaluate:
    cmd: python src/evaluate.py
    deps:
    - path: data/prepare/test.csv
      hash: md5
      md5: 32ecd1b41ec3a322ebd7d1cea0ab14c9
      size: 617
    - path: models/model.pth
      hash: md5
      md5: ba94c72477245f20b99ff12845f2f1f1
      size: 130420
    - path: src/evaluate.py
      hash: md5
      md5: d5500e2b230e102cc02de0f79d074805
      size: 1573
    outs:
    - path: metrics/test_metrics.json
      hash: md5
      md5: 0ffdce368c967245af0e4d6cc3709e8a
      size: 37
    - path: plots/roc.png
      hash: md5
      md5: b857f288ff07667f5327c8b4e2b5986e
      size: 33670
