schema: '2.0'
stages:
  prepare:
    cmd: python src/prepare.py
    deps:
    - path: src/prepare.py
      hash: md5
      md5: 1c9ff1aca1597efc9beceb5ce9ff4cab
      size: 464
    outs:
    - path: data/prepare/test.csv
      hash: md5
      md5: 32ecd1b41ec3a322ebd7d1cea0ab14c9
      size: 617
    - path: data/prepare/train.csv
      hash: md5
      md5: 20a771675f974006d30c2926ff658bea
      size: 2237
  train:
    cmd: python src/train.py
    deps:
    - path: data/prepare/train.csv
      hash: md5
      md5: 20a771675f974006d30c2926ff658bea
      size: 2237
    - path: src/train.py
      hash: md5
      md5: d253e63370b75b8be99d86e3b035af75
      size: 2761
    params:
      params.yaml:
        train.epoch: 1000
        train.fc2_fc3_n: 300
        train.lr: 0.0009
    outs:
    - path: metrics/train_metrics.json
      hash: md5
      md5: 1d9c896cfd0962684cb4572bf57da123
      size: 38
    - path: models/model.pth
      hash: md5
      md5: 5f245a4a50f801f9e25f8e78baf82432
      size: 130420
    - path: plots/confusion_matrix.png
      hash: md5
      md5: 7d74a3f21b5a4a043246244144f487e3
      size: 14528
    - path: plots/feature_importance.png
      hash: md5
      md5: cfd5603abe5895fe0d619bf11f5bc6b3
      size: 14133
  evaluate:
    cmd: python src/evaluate.py
    deps:
    - path: data/prepare/test.csv
      hash: md5
      md5: 32ecd1b41ec3a322ebd7d1cea0ab14c9
      size: 617
    - path: models/model.pth
      hash: md5
      md5: 5f245a4a50f801f9e25f8e78baf82432
      size: 130420
    - path: src/evaluate.py
      hash: md5
      md5: d5500e2b230e102cc02de0f79d074805
      size: 1573
    outs:
    - path: metrics/test_metrics.json
      hash: md5
      md5: 936c62e2b5cd3cdfb08be3f74b0ad985
      size: 22
    - path: plots/roc.png
      hash: md5
      md5: c874c7518de8189a88c4ed8cf8febfa8
      size: 32966
